
Microsoft Visual Studio Solution File, Format Version 12.00
# Visual Studio 15
VisualStudioVersion = 15.0.27130.2024
MinimumVisualStudioVersion = 10.0.40219.1
Project("{2150E333-8FDC-42A3-9474-1A3956D46DE8}") = "Solution Items", "Solution Items", "{87D83409-A5BD-4BAE-94A8-D30A2206E64A}"
	ProjectSection(SolutionItems) = preProject
		Directory.Build.props = Directory.Build.props
		ReadMe.md = ReadMe.md
		toc.yml = toc.yml
	EndProjectSection
EndProject
Project("{2150E333-8FDC-42A3-9474-1A3956D46DE8}") = "Demos", "Demos", "{A65F8676-11E9-403B-A599-B013D44EDE90}"
	ProjectSection(SolutionItems) = preProject
		Demos\ReadMe.md = Demos\ReadMe.md
		Demos\toc.yml = Demos\toc.yml
	EndProjectSection
EndProject
Project("{2150E333-8FDC-42A3-9474-1A3956D46DE8}") = "Demo01", "Demo01", "{C4FCF5FC-F3A1-4112-A0F2-35236E5F4C45}"
	ProjectSection(SolutionItems) = preProject
		Demos\Demo01\ReadMe.md = Demos\Demo01\ReadMe.md
		Demos\Demo01\toc.yml = Demos\Demo01\toc.yml
	EndProjectSection
EndProject
Project("{2150E333-8FDC-42A3-9474-1A3956D46DE8}") = "ConsoleApp", "ConsoleApp", "{0E1DC973-37C6-4373-9B8F-DCF540F7EBF2}"
EndProject
Project("{9A19103F-16F7-4668-BE54-9A1E7A4F7556}") = "ConsoleApp", "Demos\Demo01\ConsoleApp\ConsoleApp.csproj", "{155593DB-FBA9-4A27-8427-E956E97A5782}"
EndProject
Project("{2150E333-8FDC-42A3-9474-1A3956D46DE8}") = "CommonDTOs", "CommonDTOs", "{45DEA8E6-F502-4C4F-AEEE-32CB6F370FB0}"
EndProject
Project("{9A19103F-16F7-4668-BE54-9A1E7A4F7556}") = "CommonDTOs", "Demos\Demo01\CommonDTOs\CommonDTOs.csproj", "{96FF5B6F-DE91-4990-95B8-586921A424F8}"
EndProject
Project("{2150E333-8FDC-42A3-9474-1A3956D46DE8}") = "GUI", "GUI", "{E2EC32C9-58E3-447F-93ED-E48B18D0F70C}"
EndProject
Project("{9A19103F-16F7-4668-BE54-9A1E7A4F7556}") = "GUI", "Demos\Demo01\GUI\GUI.csproj", "{722E51FC-A9FB-4B6D-AA10-DFD8D2C137B1}"
EndProject
Project("{9A19103F-16F7-4668-BE54-9A1E7A4F7556}") = "ATAP.Utilities.AutoDoc", "ATAP.Utilities.AutoDoc\ATAP.Utilities.AutoDoc.csproj", "{56E9420A-4A46-48FA-A3FD-961E7E9F83AD}"
EndProject
Project("{2150E333-8FDC-42A3-9474-1A3956D46DE8}") = "SolutionDocumentation", "SolutionDocumentation", "{A02FCB41-9840-46F9-81F6-28ED81B47C42}"
	ProjectSection(SolutionItems) = preProject
		SolutionDocumentation\BuildingNotes.MD = SolutionDocumentation\BuildingNotes.MD
		SolutionDocumentation\GettingStarted.md = SolutionDocumentation\GettingStarted.md
		SolutionDocumentation\Organization.md = SolutionDocumentation\Organization.md
		SolutionDocumentation\ReadMe.md = SolutionDocumentation\ReadMe.md
		SolutionDocumentation\toc.yml = SolutionDocumentation\toc.yml
	EndProjectSection
EndProject
Global
	GlobalSection(SolutionConfigurationPlatforms) = preSolution
		Debug|Any CPU = Debug|Any CPU
		Release|Any CPU = Release|Any CPU
	EndGlobalSection
	GlobalSection(ProjectConfigurationPlatforms) = postSolution
		{155593DB-FBA9-4A27-8427-E956E97A5782}.Debug|Any CPU.ActiveCfg = Debug|Any CPU
		{155593DB-FBA9-4A27-8427-E956E97A5782}.Debug|Any CPU.Build.0 = Debug|Any CPU
		{155593DB-FBA9-4A27-8427-E956E97A5782}.Release|Any CPU.ActiveCfg = Release|Any CPU
		{155593DB-FBA9-4A27-8427-E956E97A5782}.Release|Any CPU.Build.0 = Release|Any CPU
		{96FF5B6F-DE91-4990-95B8-586921A424F8}.Debug|Any CPU.ActiveCfg = Debug|Any CPU
		{96FF5B6F-DE91-4990-95B8-586921A424F8}.Debug|Any CPU.Build.0 = Debug|Any CPU
		{96FF5B6F-DE91-4990-95B8-586921A424F8}.Release|Any CPU.ActiveCfg = Release|Any CPU
		{96FF5B6F-DE91-4990-95B8-586921A424F8}.Release|Any CPU.Build.0 = Release|Any CPU
		{722E51FC-A9FB-4B6D-AA10-DFD8D2C137B1}.Debug|Any CPU.ActiveCfg = Debug|Any CPU
		{722E51FC-A9FB-4B6D-AA10-DFD8D2C137B1}.Debug|Any CPU.Build.0 = Debug|Any CPU
		{722E51FC-A9FB-4B6D-AA10-DFD8D2C137B1}.Release|Any CPU.ActiveCfg = Release|Any CPU
		{722E51FC-A9FB-4B6D-AA10-DFD8D2C137B1}.Release|Any CPU.Build.0 = Release|Any CPU
		{56E9420A-4A46-48FA-A3FD-961E7E9F83AD}.Debug|Any CPU.ActiveCfg = Debug|Any CPU
		{56E9420A-4A46-48FA-A3FD-961E7E9F83AD}.Release|Any CPU.ActiveCfg = Release|Any CPU
		{56E9420A-4A46-48FA-A3FD-961E7E9F83AD}.Release|Any CPU.Build.0 = Release|Any CPU
	EndGlobalSection
	GlobalSection(SolutionProperties) = preSolution
		HideSolutionNode = FALSE
	EndGlobalSection
	GlobalSection(NestedProjects) = preSolution
		{C4FCF5FC-F3A1-4112-A0F2-35236E5F4C45} = {A65F8676-11E9-403B-A599-B013D44EDE90}
		{0E1DC973-37C6-4373-9B8F-DCF540F7EBF2} = {C4FCF5FC-F3A1-4112-A0F2-35236E5F4C45}
		{155593DB-FBA9-4A27-8427-E956E97A5782} = {0E1DC973-37C6-4373-9B8F-DCF540F7EBF2}
		{45DEA8E6-F502-4C4F-AEEE-32CB6F370FB0} = {C4FCF5FC-F3A1-4112-A0F2-35236E5F4C45}
		{96FF5B6F-DE91-4990-95B8-586921A424F8} = {45DEA8E6-F502-4C4F-AEEE-32CB6F370FB0}
		{E2EC32C9-58E3-447F-93ED-E48B18D0F70C} = {C4FCF5FC-F3A1-4112-A0F2-35236E5F4C45}
		{722E51FC-A9FB-4B6D-AA10-DFD8D2C137B1} = {E2EC32C9-58E3-447F-93ED-E48B18D0F70C}
	EndGlobalSection
	GlobalSection(ExtensibilityGlobals) = postSolution
		SolutionGuid = {44B34B59-441A-460C-85B9-364D0E4153F9}
	EndGlobalSection
EndGlobal
