
Microsoft Visual Studio Solution File, Format Version 12.00
# Visual Studio Version 16
VisualStudioVersion = 16.0.28822.285
MinimumVisualStudioVersion = 10.0.40219.1
Project("{2150E333-8FDC-42A3-9474-1A3956D46DE8}") = "Solution Items", "Solution Items", "{87D83409-A5BD-4BAE-94A8-D30A2206E64A}"
	ProjectSection(SolutionItems) = preProject
		Directory.Build.props = Directory.Build.props
		ReadMe.md = ReadMe.md
		toc.yml = toc.yml
	EndProjectSection
EndProject
Project("{2150E333-8FDC-42A3-9474-1A3956D46DE8}") = "Demos", "Demos", "{A65F8676-11E9-403B-A599-B013D44EDE90}"
	ProjectSection(SolutionItems) = preProject
		Demos\ReadMe.md = Demos\ReadMe.md
		Demos\toc.yml = Demos\toc.yml
	EndProjectSection
EndProject
Project("{2150E333-8FDC-42A3-9474-1A3956D46DE8}") = "Demo01", "Demo01", "{C4FCF5FC-F3A1-4112-A0F2-35236E5F4C45}"
	ProjectSection(SolutionItems) = preProject
		Demos\Demo01\ReadMe.md = Demos\Demo01\ReadMe.md
		Demos\Demo01\toc.yml = Demos\Demo01\toc.yml
	EndProjectSection
EndProject
Project("{2150E333-8FDC-42A3-9474-1A3956D46DE8}") = "ConsoleApp", "ConsoleApp", "{0E1DC973-37C6-4373-9B8F-DCF540F7EBF2}"
EndProject
Project("{9A19103F-16F7-4668-BE54-9A1E7A4F7556}") = "ConsoleApp", "Demos\Demo01\ConsoleApp\ConsoleApp.csproj", "{155593DB-FBA9-4A27-8427-E956E97A5782}"
EndProject
Project("{2150E333-8FDC-42A3-9474-1A3956D46DE8}") = "CommonDTOs", "CommonDTOs", "{45DEA8E6-F502-4C4F-AEEE-32CB6F370FB0}"
EndProject
Project("{9A19103F-16F7-4668-BE54-9A1E7A4F7556}") = "CommonDTOs", "Demos\Demo01\CommonDTOs\CommonDTOs.csproj", "{96FF5B6F-DE91-4990-95B8-586921A424F8}"
EndProject
Project("{2150E333-8FDC-42A3-9474-1A3956D46DE8}") = "GUI", "GUI", "{E2EC32C9-58E3-447F-93ED-E48B18D0F70C}"
EndProject
Project("{9A19103F-16F7-4668-BE54-9A1E7A4F7556}") = "GUI", "Demos\Demo01\GUI\GUI.csproj", "{722E51FC-A9FB-4B6D-AA10-DFD8D2C137B1}"
EndProject
Project("{9A19103F-16F7-4668-BE54-9A1E7A4F7556}") = "ATAP.Utilities.AutoDoc", "ATAP.Utilities.AutoDoc\ATAP.Utilities.AutoDoc.csproj", "{56E9420A-4A46-48FA-A3FD-961E7E9F83AD}"
EndProject
Project("{2150E333-8FDC-42A3-9474-1A3956D46DE8}") = "SolutionDocumentation", "SolutionDocumentation", "{A02FCB41-9840-46F9-81F6-28ED81B47C42}"
	ProjectSection(SolutionItems) = preProject
		SolutionDocumentation\BuildingNotes.MD = SolutionDocumentation\BuildingNotes.MD
		SolutionDocumentation\GettingStarted.md = SolutionDocumentation\GettingStarted.md
		SolutionDocumentation\Organization.md = SolutionDocumentation\Organization.md
		SolutionDocumentation\ReadMe.md = SolutionDocumentation\ReadMe.md
		SolutionDocumentation\toc.yml = SolutionDocumentation\toc.yml
	EndProjectSection
EndProject
Project("{2150E333-8FDC-42A3-9474-1A3956D46DE8}") = "Demo03", "Demo03", "{8670EF5C-62F8-4B45-8D9E-6CDE151122C6}"
	ProjectSection(SolutionItems) = preProject
		Demos\Demo03\Documentation\Overview.md = Demos\Demo03\Documentation\Overview.md
		Demos\Demo03\ReadMe.md = Demos\Demo03\ReadMe.md
		Demos\Demo03\toc.yml = Demos\Demo03\toc.yml
	EndProjectSection
EndProject
Project("{2150E333-8FDC-42A3-9474-1A3956D46DE8}") = "CommonDTOs", "CommonDTOs", "{9F377538-7C2B-4503-9D7C-6047C91B3812}"
EndProject
Project("{2150E333-8FDC-42A3-9474-1A3956D46DE8}") = "ConsoleApp", "ConsoleApp", "{09ECD702-3749-4A90-863B-331C4435D07B}"
EndProject
Project("{2150E333-8FDC-42A3-9474-1A3956D46DE8}") = "GUI", "GUI", "{FEF097AF-8B8B-497B-B352-29948530E3AA}"
EndProject
Project("{2150E333-8FDC-42A3-9474-1A3956D46DE8}") = "Documentation", "Documentation", "{091BB3BC-EADD-459B-8DF6-F3A9D77D2010}"
	ProjectSection(SolutionItems) = preProject
		Demos\Demo03\Documentation\Overview.md = Demos\Demo03\Documentation\Overview.md
	EndProjectSection
EndProject
Project("{9A19103F-16F7-4668-BE54-9A1E7A4F7556}") = "CommonDTOs", "Demos\Demo03\CommonDTOs\CommonDTOs.csproj", "{5722C717-457A-42BF-B362-55DB226CB58E}"
EndProject
Project("{9A19103F-16F7-4668-BE54-9A1E7A4F7556}") = "ConsoleApp", "Demos\Demo03\ConsoleApp\ConsoleApp.csproj", "{FCA5B107-B3EF-4765-B96F-7DF3EA5B54DE}"
EndProject
Project("{9A19103F-16F7-4668-BE54-9A1E7A4F7556}") = "GUI", "Demos\Demo03\GUI\GUI.csproj", "{F135B939-1C1C-467E-BFF8-ACBA93A9071A}"
EndProject
Project("{2150E333-8FDC-42A3-9474-1A3956D46DE8}") = "Demo02", "Demo02", "{F7D5CC31-D3F0-457A-BDF1-CE6A972D7593}"
EndProject
Project("{2150E333-8FDC-42A3-9474-1A3956D46DE8}") = "CommonDTOs", "CommonDTOs", "{DD52FE81-D780-4D92-A5EC-E37A754173CF}"
EndProject
Project("{2150E333-8FDC-42A3-9474-1A3956D46DE8}") = "GUI", "GUI", "{E5E261D4-3D59-433C-A7EE-45611744C87B}"
EndProject
Project("{2150E333-8FDC-42A3-9474-1A3956D46DE8}") = "ConsoleApp", "ConsoleApp", "{3B69D80C-FE7C-439D-A439-0F6B6D7DB042}"
EndProject
Project("{9A19103F-16F7-4668-BE54-9A1E7A4F7556}") = "CommonDTOs", "Demos\Demo02\CommonDTOs\CommonDTOs.csproj", "{F72BDD60-2CD9-412C-BDF1-8D4F021272D4}"
EndProject
Project("{9A19103F-16F7-4668-BE54-9A1E7A4F7556}") = "ConsoleApp", "Demos\Demo02\ConsoleApp\ConsoleApp.csproj", "{81E9B7D5-4F22-44B5-9F1D-3E629DBE7835}"
EndProject
Project("{9A19103F-16F7-4668-BE54-9A1E7A4F7556}") = "GUI", "Demos\Demo02\GUI\GUI.csproj", "{2E6C2063-80EF-4DAE-9548-E7DEA644AC4A}"
EndProject
Project("{2150E333-8FDC-42A3-9474-1A3956D46DE8}") = "Documentation", "Documentation", "{A1B323E3-7C80-4D4D-9F9E-0440E8DC5CD5}"
	ProjectSection(SolutionItems) = preProject
		Demos\Demo02\Documentation\Overview.md = Demos\Demo02\Documentation\Overview.md
	EndProjectSection
EndProject
Project("{2150E333-8FDC-42A3-9474-1A3956D46DE8}") = "Demo04", "Demo04", "{5DD0F23F-45A7-4265-A6B8-3BCC4962C1AE}"
	ProjectSection(SolutionItems) = preProject
		Demos\Demo04\ReadMe.md = Demos\Demo04\ReadMe.md
		Demos\Demo04\toc.yml = Demos\Demo04\toc.yml
	EndProjectSection
EndProject
Project("{2150E333-8FDC-42A3-9474-1A3956D46DE8}") = "CommonDTOs", "CommonDTOs", "{B0D9AC12-A9A0-433C-81D1-1207A32BF586}"
EndProject
Project("{2150E333-8FDC-42A3-9474-1A3956D46DE8}") = "ConsoleApp", "ConsoleApp", "{D57DB09D-B66A-4EE7-9DFB-562F16431559}"
EndProject
Project("{2150E333-8FDC-42A3-9474-1A3956D46DE8}") = "GUI", "GUI", "{FA83453D-93D6-4C04-AC79-8D822F2B5E8B}"
EndProject
Project("{2150E333-8FDC-42A3-9474-1A3956D46DE8}") = "Documentation", "Documentation", "{5BB5EF13-8622-41E1-B094-5E703BDBD6BA}"
	ProjectSection(SolutionItems) = preProject
		Demos\Demo04\Documentation\Overview.md = Demos\Demo04\Documentation\Overview.md
	EndProjectSection
EndProject
Project("{2150E333-8FDC-42A3-9474-1A3956D46DE8}") = "Demo05", "Demo05", "{978BBEF6-B9FD-49E3-A80F-3043846C0EF7}"
	ProjectSection(SolutionItems) = preProject
		Demos\Demo04\ReadMe.md = Demos\Demo04\ReadMe.md
		Demos\Demo04\toc.yml = Demos\Demo04\toc.yml
	EndProjectSection
EndProject
Project("{2150E333-8FDC-42A3-9474-1A3956D46DE8}") = "CommonDTOs", "CommonDTOs", "{5E62B6AA-5DB8-4948-A4CD-230D3DD5EBE1}"
EndProject
Project("{2150E333-8FDC-42A3-9474-1A3956D46DE8}") = "ConsoleApp", "ConsoleApp", "{4892E76D-152C-4A3C-BEE7-C038AF55F03E}"
EndProject
Project("{2150E333-8FDC-42A3-9474-1A3956D46DE8}") = "Documentation", "Documentation", "{34036E0D-B88A-45D6-A999-EEB82C333690}"
	ProjectSection(SolutionItems) = preProject
		Demos\Demo05\Documentation\Overview.md = Demos\Demo05\Documentation\Overview.md
	EndProjectSection
EndProject
Project("{2150E333-8FDC-42A3-9474-1A3956D46DE8}") = "GUI", "GUI", "{44453579-3712-4337-98DB-632E128896E1}"
EndProject
Project("{9A19103F-16F7-4668-BE54-9A1E7A4F7556}") = "CommonDTOs", "Demos\Demo05\CommonDTOs\CommonDTOs.csproj", "{2DD5F9DE-AE3E-4535-879F-45736CE6C7B2}"
EndProject
Project("{9A19103F-16F7-4668-BE54-9A1E7A4F7556}") = "ConsoleApp", "Demos\Demo05\ConsoleApp\ConsoleApp.csproj", "{1F5AFA36-01DC-437F-BC11-C2F5B0CE78D9}"
EndProject
Project("{9A19103F-16F7-4668-BE54-9A1E7A4F7556}") = "GUI", "Demos\Demo05\GUI\GUI.csproj", "{013A74DF-14EF-4049-9CA7-D4F0EFE0124A}"
EndProject
Project("{9A19103F-16F7-4668-BE54-9A1E7A4F7556}") = "CommonDTOs", "Demos\Demo04\CommonDTOs\CommonDTOs.csproj", "{215D1D2B-FE4A-4CF0-966A-143336A8F4D7}"
EndProject
Project("{9A19103F-16F7-4668-BE54-9A1E7A4F7556}") = "ConsoleApp", "Demos\Demo04\ConsoleApp\ConsoleApp.csproj", "{EB40B432-C8F7-46A8-A51C-7AFA28A89F29}"
EndProject
Project("{9A19103F-16F7-4668-BE54-9A1E7A4F7556}") = "GUI", "Demos\Demo04\GUI\GUI.csproj", "{0A16F3B2-06B6-49A7-AE13-FC60B84E4AFD}"
EndProject
Project("{2150E333-8FDC-42A3-9474-1A3956D46DE8}") = "Demo06", "Demo06", "{AA9607F6-6D1A-41DB-977F-29F26CD8C917}"
EndProject
Project("{2150E333-8FDC-42A3-9474-1A3956D46DE8}") = "CommonDTOs", "CommonDTOs", "{246968AD-9E5C-402A-864A-C5EE4CE376CA}"
EndProject
Project("{2150E333-8FDC-42A3-9474-1A3956D46DE8}") = "ConsoleApp", "ConsoleApp", "{369DC92F-8A08-4D9D-BE71-1E13D4571521}"
EndProject
Project("{2150E333-8FDC-42A3-9474-1A3956D46DE8}") = "GUI", "GUI", "{44E59A0D-8C21-40AA-8371-F194675B1E59}"
EndProject
Project("{9A19103F-16F7-4668-BE54-9A1E7A4F7556}") = "CommonDTOs", "Demos\Demo06\CommonDTOs\CommonDTOs.csproj", "{5A0D9E87-711F-42E8-B433-2D927E96F23C}"
EndProject
Project("{9A19103F-16F7-4668-BE54-9A1E7A4F7556}") = "ConsoleApp", "Demos\Demo06\ConsoleApp\ConsoleApp.csproj", "{D6FE4C1C-1C01-4194-B8D3-A88DC6BF0184}"
EndProject
Project("{9A19103F-16F7-4668-BE54-9A1E7A4F7556}") = "GUI", "Demos\Demo06\GUI\GUI.csproj", "{ABFF709A-7003-4DAA-ACEB-544C6FB45B62}"
EndProject
Global
	GlobalSection(SolutionConfigurationPlatforms) = preSolution
		Debug|Any CPU = Debug|Any CPU
		Release|Any CPU = Release|Any CPU
	EndGlobalSection
	GlobalSection(ProjectConfigurationPlatforms) = postSolution
		{155593DB-FBA9-4A27-8427-E956E97A5782}.Debug|Any CPU.ActiveCfg = Debug|Any CPU
		{155593DB-FBA9-4A27-8427-E956E97A5782}.Debug|Any CPU.Build.0 = Debug|Any CPU
		{155593DB-FBA9-4A27-8427-E956E97A5782}.Release|Any CPU.ActiveCfg = Release|Any CPU
		{155593DB-FBA9-4A27-8427-E956E97A5782}.Release|Any CPU.Build.0 = Release|Any CPU
		{96FF5B6F-DE91-4990-95B8-586921A424F8}.Debug|Any CPU.ActiveCfg = Debug|Any CPU
		{96FF5B6F-DE91-4990-95B8-586921A424F8}.Debug|Any CPU.Build.0 = Debug|Any CPU
		{96FF5B6F-DE91-4990-95B8-586921A424F8}.Release|Any CPU.ActiveCfg = Release|Any CPU
		{96FF5B6F-DE91-4990-95B8-586921A424F8}.Release|Any CPU.Build.0 = Release|Any CPU
		{722E51FC-A9FB-4B6D-AA10-DFD8D2C137B1}.Debug|Any CPU.ActiveCfg = Debug|Any CPU
		{722E51FC-A9FB-4B6D-AA10-DFD8D2C137B1}.Debug|Any CPU.Build.0 = Debug|Any CPU
		{722E51FC-A9FB-4B6D-AA10-DFD8D2C137B1}.Release|Any CPU.ActiveCfg = Release|Any CPU
		{722E51FC-A9FB-4B6D-AA10-DFD8D2C137B1}.Release|Any CPU.Build.0 = Release|Any CPU
		{56E9420A-4A46-48FA-A3FD-961E7E9F83AD}.Debug|Any CPU.ActiveCfg = Debug|Any CPU
		{56E9420A-4A46-48FA-A3FD-961E7E9F83AD}.Release|Any CPU.ActiveCfg = Release|Any CPU
		{56E9420A-4A46-48FA-A3FD-961E7E9F83AD}.Release|Any CPU.Build.0 = Release|Any CPU
		{5722C717-457A-42BF-B362-55DB226CB58E}.Debug|Any CPU.ActiveCfg = Debug|Any CPU
		{5722C717-457A-42BF-B362-55DB226CB58E}.Debug|Any CPU.Build.0 = Debug|Any CPU
		{5722C717-457A-42BF-B362-55DB226CB58E}.Release|Any CPU.ActiveCfg = Release|Any CPU
		{5722C717-457A-42BF-B362-55DB226CB58E}.Release|Any CPU.Build.0 = Release|Any CPU
		{FCA5B107-B3EF-4765-B96F-7DF3EA5B54DE}.Debug|Any CPU.ActiveCfg = Debug|Any CPU
		{FCA5B107-B3EF-4765-B96F-7DF3EA5B54DE}.Debug|Any CPU.Build.0 = Debug|Any CPU
		{FCA5B107-B3EF-4765-B96F-7DF3EA5B54DE}.Release|Any CPU.ActiveCfg = Release|Any CPU
		{FCA5B107-B3EF-4765-B96F-7DF3EA5B54DE}.Release|Any CPU.Build.0 = Release|Any CPU
		{F135B939-1C1C-467E-BFF8-ACBA93A9071A}.Debug|Any CPU.ActiveCfg = Debug|Any CPU
		{F135B939-1C1C-467E-BFF8-ACBA93A9071A}.Debug|Any CPU.Build.0 = Debug|Any CPU
		{F135B939-1C1C-467E-BFF8-ACBA93A9071A}.Release|Any CPU.ActiveCfg = Release|Any CPU
		{F135B939-1C1C-467E-BFF8-ACBA93A9071A}.Release|Any CPU.Build.0 = Release|Any CPU
		{F72BDD60-2CD9-412C-BDF1-8D4F021272D4}.Debug|Any CPU.ActiveCfg = Debug|Any CPU
		{F72BDD60-2CD9-412C-BDF1-8D4F021272D4}.Debug|Any CPU.Build.0 = Debug|Any CPU
		{F72BDD60-2CD9-412C-BDF1-8D4F021272D4}.Release|Any CPU.ActiveCfg = Release|Any CPU
		{F72BDD60-2CD9-412C-BDF1-8D4F021272D4}.Release|Any CPU.Build.0 = Release|Any CPU
		{81E9B7D5-4F22-44B5-9F1D-3E629DBE7835}.Debug|Any CPU.ActiveCfg = Debug|Any CPU
		{81E9B7D5-4F22-44B5-9F1D-3E629DBE7835}.Debug|Any CPU.Build.0 = Debug|Any CPU
		{81E9B7D5-4F22-44B5-9F1D-3E629DBE7835}.Release|Any CPU.ActiveCfg = Release|Any CPU
		{81E9B7D5-4F22-44B5-9F1D-3E629DBE7835}.Release|Any CPU.Build.0 = Release|Any CPU
		{2E6C2063-80EF-4DAE-9548-E7DEA644AC4A}.Debug|Any CPU.ActiveCfg = Debug|Any CPU
		{2E6C2063-80EF-4DAE-9548-E7DEA644AC4A}.Debug|Any CPU.Build.0 = Debug|Any CPU
		{2E6C2063-80EF-4DAE-9548-E7DEA644AC4A}.Release|Any CPU.ActiveCfg = Release|Any CPU
		{2E6C2063-80EF-4DAE-9548-E7DEA644AC4A}.Release|Any CPU.Build.0 = Release|Any CPU
		{2DD5F9DE-AE3E-4535-879F-45736CE6C7B2}.Debug|Any CPU.ActiveCfg = Debug|Any CPU
		{2DD5F9DE-AE3E-4535-879F-45736CE6C7B2}.Debug|Any CPU.Build.0 = Debug|Any CPU
		{2DD5F9DE-AE3E-4535-879F-45736CE6C7B2}.Release|Any CPU.ActiveCfg = Release|Any CPU
		{2DD5F9DE-AE3E-4535-879F-45736CE6C7B2}.Release|Any CPU.Build.0 = Release|Any CPU
		{1F5AFA36-01DC-437F-BC11-C2F5B0CE78D9}.Debug|Any CPU.ActiveCfg = Debug|Any CPU
		{1F5AFA36-01DC-437F-BC11-C2F5B0CE78D9}.Debug|Any CPU.Build.0 = Debug|Any CPU
		{1F5AFA36-01DC-437F-BC11-C2F5B0CE78D9}.Release|Any CPU.ActiveCfg = Release|Any CPU
		{1F5AFA36-01DC-437F-BC11-C2F5B0CE78D9}.Release|Any CPU.Build.0 = Release|Any CPU
		{013A74DF-14EF-4049-9CA7-D4F0EFE0124A}.Debug|Any CPU.ActiveCfg = Debug|Any CPU
		{013A74DF-14EF-4049-9CA7-D4F0EFE0124A}.Debug|Any CPU.Build.0 = Debug|Any CPU
		{013A74DF-14EF-4049-9CA7-D4F0EFE0124A}.Release|Any CPU.ActiveCfg = Release|Any CPU
		{013A74DF-14EF-4049-9CA7-D4F0EFE0124A}.Release|Any CPU.Build.0 = Release|Any CPU
		{215D1D2B-FE4A-4CF0-966A-143336A8F4D7}.Debug|Any CPU.ActiveCfg = Debug|Any CPU
		{215D1D2B-FE4A-4CF0-966A-143336A8F4D7}.Debug|Any CPU.Build.0 = Debug|Any CPU
		{215D1D2B-FE4A-4CF0-966A-143336A8F4D7}.Release|Any CPU.ActiveCfg = Release|Any CPU
		{215D1D2B-FE4A-4CF0-966A-143336A8F4D7}.Release|Any CPU.Build.0 = Release|Any CPU
		{EB40B432-C8F7-46A8-A51C-7AFA28A89F29}.Debug|Any CPU.ActiveCfg = Debug|Any CPU
		{EB40B432-C8F7-46A8-A51C-7AFA28A89F29}.Debug|Any CPU.Build.0 = Debug|Any CPU
		{EB40B432-C8F7-46A8-A51C-7AFA28A89F29}.Release|Any CPU.ActiveCfg = Release|Any CPU
		{EB40B432-C8F7-46A8-A51C-7AFA28A89F29}.Release|Any CPU.Build.0 = Release|Any CPU
		{0A16F3B2-06B6-49A7-AE13-FC60B84E4AFD}.Debug|Any CPU.ActiveCfg = Debug|Any CPU
		{0A16F3B2-06B6-49A7-AE13-FC60B84E4AFD}.Debug|Any CPU.Build.0 = Debug|Any CPU
		{0A16F3B2-06B6-49A7-AE13-FC60B84E4AFD}.Release|Any CPU.ActiveCfg = Release|Any CPU
		{0A16F3B2-06B6-49A7-AE13-FC60B84E4AFD}.Release|Any CPU.Build.0 = Release|Any CPU
		{5A0D9E87-711F-42E8-B433-2D927E96F23C}.Debug|Any CPU.ActiveCfg = Debug|Any CPU
		{5A0D9E87-711F-42E8-B433-2D927E96F23C}.Debug|Any CPU.Build.0 = Debug|Any CPU
		{5A0D9E87-711F-42E8-B433-2D927E96F23C}.Release|Any CPU.ActiveCfg = Release|Any CPU
		{5A0D9E87-711F-42E8-B433-2D927E96F23C}.Release|Any CPU.Build.0 = Release|Any CPU
		{D6FE4C1C-1C01-4194-B8D3-A88DC6BF0184}.Debug|Any CPU.ActiveCfg = Debug|Any CPU
		{D6FE4C1C-1C01-4194-B8D3-A88DC6BF0184}.Debug|Any CPU.Build.0 = Debug|Any CPU
		{D6FE4C1C-1C01-4194-B8D3-A88DC6BF0184}.Release|Any CPU.ActiveCfg = Release|Any CPU
		{D6FE4C1C-1C01-4194-B8D3-A88DC6BF0184}.Release|Any CPU.Build.0 = Release|Any CPU
		{ABFF709A-7003-4DAA-ACEB-544C6FB45B62}.Debug|Any CPU.ActiveCfg = Debug|Any CPU
		{ABFF709A-7003-4DAA-ACEB-544C6FB45B62}.Debug|Any CPU.Build.0 = Debug|Any CPU
		{ABFF709A-7003-4DAA-ACEB-544C6FB45B62}.Release|Any CPU.ActiveCfg = Release|Any CPU
		{ABFF709A-7003-4DAA-ACEB-544C6FB45B62}.Release|Any CPU.Build.0 = Release|Any CPU
	EndGlobalSection
	GlobalSection(SolutionProperties) = preSolution
		HideSolutionNode = FALSE
	EndGlobalSection
	GlobalSection(NestedProjects) = preSolution
		{C4FCF5FC-F3A1-4112-A0F2-35236E5F4C45} = {A65F8676-11E9-403B-A599-B013D44EDE90}
		{0E1DC973-37C6-4373-9B8F-DCF540F7EBF2} = {C4FCF5FC-F3A1-4112-A0F2-35236E5F4C45}
		{155593DB-FBA9-4A27-8427-E956E97A5782} = {0E1DC973-37C6-4373-9B8F-DCF540F7EBF2}
		{45DEA8E6-F502-4C4F-AEEE-32CB6F370FB0} = {C4FCF5FC-F3A1-4112-A0F2-35236E5F4C45}
		{96FF5B6F-DE91-4990-95B8-586921A424F8} = {45DEA8E6-F502-4C4F-AEEE-32CB6F370FB0}
		{E2EC32C9-58E3-447F-93ED-E48B18D0F70C} = {C4FCF5FC-F3A1-4112-A0F2-35236E5F4C45}
		{722E51FC-A9FB-4B6D-AA10-DFD8D2C137B1} = {E2EC32C9-58E3-447F-93ED-E48B18D0F70C}
		{8670EF5C-62F8-4B45-8D9E-6CDE151122C6} = {A65F8676-11E9-403B-A599-B013D44EDE90}
		{9F377538-7C2B-4503-9D7C-6047C91B3812} = {8670EF5C-62F8-4B45-8D9E-6CDE151122C6}
		{09ECD702-3749-4A90-863B-331C4435D07B} = {8670EF5C-62F8-4B45-8D9E-6CDE151122C6}
		{FEF097AF-8B8B-497B-B352-29948530E3AA} = {8670EF5C-62F8-4B45-8D9E-6CDE151122C6}
		{091BB3BC-EADD-459B-8DF6-F3A9D77D2010} = {8670EF5C-62F8-4B45-8D9E-6CDE151122C6}
		{5722C717-457A-42BF-B362-55DB226CB58E} = {9F377538-7C2B-4503-9D7C-6047C91B3812}
		{FCA5B107-B3EF-4765-B96F-7DF3EA5B54DE} = {09ECD702-3749-4A90-863B-331C4435D07B}
		{F135B939-1C1C-467E-BFF8-ACBA93A9071A} = {FEF097AF-8B8B-497B-B352-29948530E3AA}
		{F7D5CC31-D3F0-457A-BDF1-CE6A972D7593} = {A65F8676-11E9-403B-A599-B013D44EDE90}
		{DD52FE81-D780-4D92-A5EC-E37A754173CF} = {F7D5CC31-D3F0-457A-BDF1-CE6A972D7593}
		{E5E261D4-3D59-433C-A7EE-45611744C87B} = {F7D5CC31-D3F0-457A-BDF1-CE6A972D7593}
		{3B69D80C-FE7C-439D-A439-0F6B6D7DB042} = {F7D5CC31-D3F0-457A-BDF1-CE6A972D7593}
		{F72BDD60-2CD9-412C-BDF1-8D4F021272D4} = {DD52FE81-D780-4D92-A5EC-E37A754173CF}
		{81E9B7D5-4F22-44B5-9F1D-3E629DBE7835} = {3B69D80C-FE7C-439D-A439-0F6B6D7DB042}
		{2E6C2063-80EF-4DAE-9548-E7DEA644AC4A} = {E5E261D4-3D59-433C-A7EE-45611744C87B}
		{A1B323E3-7C80-4D4D-9F9E-0440E8DC5CD5} = {F7D5CC31-D3F0-457A-BDF1-CE6A972D7593}
		{5DD0F23F-45A7-4265-A6B8-3BCC4962C1AE} = {A65F8676-11E9-403B-A599-B013D44EDE90}
		{B0D9AC12-A9A0-433C-81D1-1207A32BF586} = {5DD0F23F-45A7-4265-A6B8-3BCC4962C1AE}
		{D57DB09D-B66A-4EE7-9DFB-562F16431559} = {5DD0F23F-45A7-4265-A6B8-3BCC4962C1AE}
		{FA83453D-93D6-4C04-AC79-8D822F2B5E8B} = {5DD0F23F-45A7-4265-A6B8-3BCC4962C1AE}
		{5BB5EF13-8622-41E1-B094-5E703BDBD6BA} = {5DD0F23F-45A7-4265-A6B8-3BCC4962C1AE}
		{978BBEF6-B9FD-49E3-A80F-3043846C0EF7} = {A65F8676-11E9-403B-A599-B013D44EDE90}
		{5E62B6AA-5DB8-4948-A4CD-230D3DD5EBE1} = {978BBEF6-B9FD-49E3-A80F-3043846C0EF7}
		{4892E76D-152C-4A3C-BEE7-C038AF55F03E} = {978BBEF6-B9FD-49E3-A80F-3043846C0EF7}
		{34036E0D-B88A-45D6-A999-EEB82C333690} = {978BBEF6-B9FD-49E3-A80F-3043846C0EF7}
		{44453579-3712-4337-98DB-632E128896E1} = {978BBEF6-B9FD-49E3-A80F-3043846C0EF7}
		{2DD5F9DE-AE3E-4535-879F-45736CE6C7B2} = {5E62B6AA-5DB8-4948-A4CD-230D3DD5EBE1}
		{1F5AFA36-01DC-437F-BC11-C2F5B0CE78D9} = {4892E76D-152C-4A3C-BEE7-C038AF55F03E}
		{013A74DF-14EF-4049-9CA7-D4F0EFE0124A} = {44453579-3712-4337-98DB-632E128896E1}
		{215D1D2B-FE4A-4CF0-966A-143336A8F4D7} = {B0D9AC12-A9A0-433C-81D1-1207A32BF586}
		{EB40B432-C8F7-46A8-A51C-7AFA28A89F29} = {D57DB09D-B66A-4EE7-9DFB-562F16431559}
		{0A16F3B2-06B6-49A7-AE13-FC60B84E4AFD} = {FA83453D-93D6-4C04-AC79-8D822F2B5E8B}
		{AA9607F6-6D1A-41DB-977F-29F26CD8C917} = {A65F8676-11E9-403B-A599-B013D44EDE90}
		{246968AD-9E5C-402A-864A-C5EE4CE376CA} = {AA9607F6-6D1A-41DB-977F-29F26CD8C917}
		{369DC92F-8A08-4D9D-BE71-1E13D4571521} = {AA9607F6-6D1A-41DB-977F-29F26CD8C917}
		{44E59A0D-8C21-40AA-8371-F194675B1E59} = {AA9607F6-6D1A-41DB-977F-29F26CD8C917}
		{5A0D9E87-711F-42E8-B433-2D927E96F23C} = {246968AD-9E5C-402A-864A-C5EE4CE376CA}
		{D6FE4C1C-1C01-4194-B8D3-A88DC6BF0184} = {369DC92F-8A08-4D9D-BE71-1E13D4571521}
		{ABFF709A-7003-4DAA-ACEB-544C6FB45B62} = {44E59A0D-8C21-40AA-8371-F194675B1E59}
	EndGlobalSection
	GlobalSection(ExtensibilityGlobals) = postSolution
		SolutionGuid = {44B34B59-441A-460C-85B9-364D0E4153F9}
	EndGlobalSection
EndGlobal
